
Microsoft Visual Studio Solution File, Format Version 12.00
# Visual Studio 15
Project("{FAE04EC0-301F-11D3-BF4B-00C04F79EFBC}") = "VideoPlayerSample", "VideoPlayerSample.csproj", "{5D8C15A6-6A26-6DE0-4DF6-9B8F3C88CCD3}"
EndProject
Project("{FAE04EC0-301F-11D3-BF4B-00C04F79EFBC}") = "VideoPlayerSample.Editor", "VideoPlayerSample.Editor.csproj", "{AB8A6F29-ECDA-00BC-6E59-799456981BB8}"
EndProject
Global
	GlobalSection(SolutionConfigurationPlatforms) = preSolution
		Debug|Any CPU = Debug|Any CPU
		Release|Any CPU = Release|Any CPU
	EndGlobalSection
	GlobalSection(ProjectConfigurationPlatforms) = postSolution
		{5D8C15A6-6A26-6DE0-4DF6-9B8F3C88CCD3}.Debug|Any CPU.ActiveCfg = Debug|Any CPU
		{5D8C15A6-6A26-6DE0-4DF6-9B8F3C88CCD3}.Debug|Any CPU.Build.0 = Debug|Any CPU
		{5D8C15A6-6A26-6DE0-4DF6-9B8F3C88CCD3}.Release|Any CPU.ActiveCfg = Release|Any CPU
		{5D8C15A6-6A26-6DE0-4DF6-9B8F3C88CCD3}.Release|Any CPU.Build.0 = Release|Any CPU
		{AB8A6F29-ECDA-00BC-6E59-799456981BB8}.Debug|Any CPU.ActiveCfg = Debug|Any CPU
		{AB8A6F29-ECDA-00BC-6E59-799456981BB8}.Debug|Any CPU.Build.0 = Debug|Any CPU
		{AB8A6F29-ECDA-00BC-6E59-799456981BB8}.Release|Any CPU.ActiveCfg = Release|Any CPU
		{AB8A6F29-ECDA-00BC-6E59-799456981BB8}.Release|Any CPU.Build.0 = Release|Any CPU
	EndGlobalSection
	GlobalSection(SolutionProperties) = preSolution
		HideSolutionNode = FALSE
	EndGlobalSection
EndGlobal
